// !$*UTF8*$!
{
	archiveVersion = 1;
	classes = {
	};
	objectVersion = 56;
	objects = {

/* Begin PBXBuildFile section */
		E9432EA42B948E1E00A5D823 /* NSTextView+Extensions.swift in Sources */ = {isa = PBXBuildFile; fileRef = E9432EA32B948E1E00A5D823 /* NSTextView+Extensions.swift */; };
		E99F49052B8550BA00D8C1D7 /* MinimalCountdownView.swift in Sources */ = {isa = PBXBuildFile; fileRef = E99F49042B8550BA00D8C1D7 /* MinimalCountdownView.swift */; };
		E9BBA5492B931EEE008AEC40 /* Assets.xcassets in Resources */ = {isa = PBXBuildFile; fileRef = E9BBA5482B931EEE008AEC40 /* Assets.xcassets */; };
		E9CCA68B2B88DFED00F5AA7F /* NSFont+Extensions.swift in Sources */ = {isa = PBXBuildFile; fileRef = E9CCA68A2B88DFED00F5AA7F /* NSFont+Extensions.swift */; };
		E9CCA68D2B88E01600F5AA7F /* Date+Extensions.swift in Sources */ = {isa = PBXBuildFile; fileRef = E9CCA68C2B88E01600F5AA7F /* Date+Extensions.swift */; };
		E9CCA68F2B88E03500F5AA7F /* Resources.swift in Sources */ = {isa = PBXBuildFile; fileRef = E9CCA68E2B88E03500F5AA7F /* Resources.swift */; };
		E9CCA6912B88E06C00F5AA7F /* ElementView.swift in Sources */ = {isa = PBXBuildFile; fileRef = E9CCA6902B88E06C00F5AA7F /* ElementView.swift */; };
		E9CCA6932B88E0AA00F5AA7F /* SSaverTextView.swift in Sources */ = {isa = PBXBuildFile; fileRef = E9CCA6922B88E0AA00F5AA7F /* SSaverTextView.swift */; };
		E9E2DDAF2B912216002A8C90 /* UserDefaults+Extensions.swift in Sources */ = {isa = PBXBuildFile; fileRef = E9E2DDAE2B912216002A8C90 /* UserDefaults+Extensions.swift */; };
		E9E641BE2B8CAD5600CD5D33 /* CGFloat+Extensions.swift in Sources */ = {isa = PBXBuildFile; fileRef = E9E641BD2B8CAD5600CD5D33 /* CGFloat+Extensions.swift */; };
		E9E641C32B8CDD0700CD5D33 /* ConfigureSheetController.swift in Sources */ = {isa = PBXBuildFile; fileRef = E9E641C22B8CDD0700CD5D33 /* ConfigureSheetController.swift */; };
		E9E641C52B8CDD7800CD5D33 /* ConfigureViewController.swift in Sources */ = {isa = PBXBuildFile; fileRef = E9E641C42B8CDD7800CD5D33 /* ConfigureViewController.swift */; };
/* End PBXBuildFile section */

/* Begin PBXFileReference section */
		E9432EA32B948E1E00A5D823 /* NSTextView+Extensions.swift */ = {isa = PBXFileReference; lastKnownFileType = sourcecode.swift; path = "NSTextView+Extensions.swift"; sourceTree = "<group>"; };
		E99F49042B8550BA00D8C1D7 /* MinimalCountdownView.swift */ = {isa = PBXFileReference; lastKnownFileType = sourcecode.swift; path = MinimalCountdownView.swift; sourceTree = "<group>"; };
		E9B5319B2B854D60002A2B79 /* MinimalCountdown.saver */ = {isa = PBXFileReference; explicitFileType = wrapper.cfbundle; includeInIndex = 0; path = MinimalCountdown.saver; sourceTree = BUILT_PRODUCTS_DIR; };
		E9BBA5482B931EEE008AEC40 /* Assets.xcassets */ = {isa = PBXFileReference; lastKnownFileType = folder.assetcatalog; path = Assets.xcassets; sourceTree = "<group>"; };
		E9CCA68A2B88DFED00F5AA7F /* NSFont+Extensions.swift */ = {isa = PBXFileReference; lastKnownFileType = sourcecode.swift; path = "NSFont+Extensions.swift"; sourceTree = "<group>"; };
		E9CCA68C2B88E01600F5AA7F /* Date+Extensions.swift */ = {isa = PBXFileReference; lastKnownFileType = sourcecode.swift; path = "Date+Extensions.swift"; sourceTree = "<group>"; };
		E9CCA68E2B88E03500F5AA7F /* Resources.swift */ = {isa = PBXFileReference; lastKnownFileType = sourcecode.swift; path = Resources.swift; sourceTree = "<group>"; };
		E9CCA6902B88E06C00F5AA7F /* ElementView.swift */ = {isa = PBXFileReference; lastKnownFileType = sourcecode.swift; path = ElementView.swift; sourceTree = "<group>"; };
		E9CCA6922B88E0AA00F5AA7F /* SSaverTextView.swift */ = {isa = PBXFileReference; lastKnownFileType = sourcecode.swift; path = SSaverTextView.swift; sourceTree = "<group>"; };
		E9E2DDAE2B912216002A8C90 /* UserDefaults+Extensions.swift */ = {isa = PBXFileReference; lastKnownFileType = sourcecode.swift; path = "UserDefaults+Extensions.swift"; sourceTree = "<group>"; };
		E9E641BD2B8CAD5600CD5D33 /* CGFloat+Extensions.swift */ = {isa = PBXFileReference; lastKnownFileType = sourcecode.swift; path = "CGFloat+Extensions.swift"; sourceTree = "<group>"; };
		E9E641C22B8CDD0700CD5D33 /* ConfigureSheetController.swift */ = {isa = PBXFileReference; lastKnownFileType = sourcecode.swift; path = ConfigureSheetController.swift; sourceTree = "<group>"; };
		E9E641C42B8CDD7800CD5D33 /* ConfigureViewController.swift */ = {isa = PBXFileReference; lastKnownFileType = sourcecode.swift; path = ConfigureViewController.swift; sourceTree = "<group>"; };
/* End PBXFileReference section */

/* Begin PBXFrameworksBuildPhase section */
		E9B531982B854D60002A2B79 /* Frameworks */ = {
			isa = PBXFrameworksBuildPhase;
			buildActionMask = 2147483647;
			files = (
			);
			runOnlyForDeploymentPostprocessing = 0;
		};
/* End PBXFrameworksBuildPhase section */

/* Begin PBXGroup section */
		E915580B2B94914C0010D67F /* ConfigureView */ = {
			isa = PBXGroup;
			children = (
				E9E641C22B8CDD0700CD5D33 /* ConfigureSheetController.swift */,
				E9E641C42B8CDD7800CD5D33 /* ConfigureViewController.swift */,
			);
			path = ConfigureView;
			sourceTree = "<group>";
		};
		E9B531912B854D60002A2B79 = {
			isa = PBXGroup;
			children = (
				E9B5319D2B854D60002A2B79 /* MinimalCountdown */,
				E9B5319C2B854D60002A2B79 /* Products */,
			);
			sourceTree = "<group>";
		};
		E9B5319C2B854D60002A2B79 /* Products */ = {
			isa = PBXGroup;
			children = (
				E9B5319B2B854D60002A2B79 /* MinimalCountdown.saver */,
			);
			name = Products;
			sourceTree = "<group>";
		};
		E9B5319D2B854D60002A2B79 /* MinimalCountdown */ = {
			isa = PBXGroup;
			children = (
				E99F49042B8550BA00D8C1D7 /* MinimalCountdownView.swift */,
				E9E641C02B8CDAED00CD5D33 /* ElementView */,
				E915580B2B94914C0010D67F /* ConfigureView */,
				E9E641BF2B8CAD8400CD5D33 /* Extensions */,
				E9E641C12B8CDB1700CD5D33 /* Resources */,
			);
			path = MinimalCountdown;
			sourceTree = "<group>";
		};
		E9E641BF2B8CAD8400CD5D33 /* Extensions */ = {
			isa = PBXGroup;
			children = (
				E9CCA68A2B88DFED00F5AA7F /* NSFont+Extensions.swift */,
				E9CCA68C2B88E01600F5AA7F /* Date+Extensions.swift */,
				E9E641BD2B8CAD5600CD5D33 /* CGFloat+Extensions.swift */,
				E9E2DDAE2B912216002A8C90 /* UserDefaults+Extensions.swift */,
				E9432EA32B948E1E00A5D823 /* NSTextView+Extensions.swift */,
			);
			path = Extensions;
			sourceTree = "<group>";
		};
		E9E641C02B8CDAED00CD5D33 /* ElementView */ = {
			isa = PBXGroup;
			children = (
				E9CCA6902B88E06C00F5AA7F /* ElementView.swift */,
				E9CCA6922B88E0AA00F5AA7F /* SSaverTextView.swift */,
			);
			path = ElementView;
			sourceTree = "<group>";
		};
		E9E641C12B8CDB1700CD5D33 /* Resources */ = {
			isa = PBXGroup;
			children = (
				E9CCA68E2B88E03500F5AA7F /* Resources.swift */,
				E9BBA5482B931EEE008AEC40 /* Assets.xcassets */,
			);
			path = Resources;
			sourceTree = "<group>";
		};
/* End PBXGroup section */

/* Begin PBXHeadersBuildPhase section */
		E9B531962B854D60002A2B79 /* Headers */ = {
			isa = PBXHeadersBuildPhase;
			buildActionMask = 2147483647;
			files = (
			);
			runOnlyForDeploymentPostprocessing = 0;
		};
/* End PBXHeadersBuildPhase section */

/* Begin PBXNativeTarget section */
		E9B5319A2B854D60002A2B79 /* MinimalCountdown */ = {
			isa = PBXNativeTarget;
			buildConfigurationList = E9B531A42B854D60002A2B79 /* Build configuration list for PBXNativeTarget "MinimalCountdown" */;
			buildPhases = (
				E9B531962B854D60002A2B79 /* Headers */,
				E9B531972B854D60002A2B79 /* Sources */,
				E9B531982B854D60002A2B79 /* Frameworks */,
				E9B531992B854D60002A2B79 /* Resources */,
				E99F49062B85517100D8C1D7 /* ShellScript */,
			);
			buildRules = (
			);
			dependencies = (
			);
			name = MinimalCountdown;
			productName = MinimalCountdown;
			productReference = E9B5319B2B854D60002A2B79 /* MinimalCountdown.saver */;
			productType = "com.apple.product-type.bundle";
		};
/* End PBXNativeTarget section */

/* Begin PBXProject section */
		E9B531922B854D60002A2B79 /* Project object */ = {
			isa = PBXProject;
			attributes = {
				BuildIndependentTargetsInParallel = 1;
				LastSwiftUpdateCheck = 1520;
				LastUpgradeCheck = 1520;
				TargetAttributes = {
					E9B5319A2B854D60002A2B79 = {
						CreatedOnToolsVersion = 15.2;
						LastSwiftMigration = 1520;
					};
				};
			};
			buildConfigurationList = E9B531952B854D60002A2B79 /* Build configuration list for PBXProject "MinimalCountdown" */;
			compatibilityVersion = "Xcode 14.0";
			developmentRegion = en;
			hasScannedForEncodings = 0;
			knownRegions = (
				en,
				Base,
				ru,
			);
			mainGroup = E9B531912B854D60002A2B79;
			productRefGroup = E9B5319C2B854D60002A2B79 /* Products */;
			projectDirPath = "";
			projectRoot = "";
			targets = (
				E9B5319A2B854D60002A2B79 /* MinimalCountdown */,
			);
		};
/* End PBXProject section */

/* Begin PBXResourcesBuildPhase section */
		E9B531992B854D60002A2B79 /* Resources */ = {
			isa = PBXResourcesBuildPhase;
			buildActionMask = 2147483647;
			files = (
				E9BBA5492B931EEE008AEC40 /* Assets.xcassets in Resources */,
			);
			runOnlyForDeploymentPostprocessing = 0;
		};
/* End PBXResourcesBuildPhase section */

/* Begin PBXShellScriptBuildPhase section */
		E99F49062B85517100D8C1D7 /* ShellScript */ = {
			isa = PBXShellScriptBuildPhase;
			alwaysOutOfDate = 1;
			buildActionMask = 2147483647;
			files = (
			);
			inputFileListPaths = (
			);
			inputPaths = (
			);
			outputFileListPaths = (
			);
			outputPaths = (
			);
			runOnlyForDeploymentPostprocessing = 0;
			shellPath = /bin/sh;
			shellScript = "
";
		};
/* End PBXShellScriptBuildPhase section */

/* Begin PBXSourcesBuildPhase section */
		E9B531972B854D60002A2B79 /* Sources */ = {
			isa = PBXSourcesBuildPhase;
			buildActionMask = 2147483647;
			files = (
				E9E641C32B8CDD0700CD5D33 /* ConfigureSheetController.swift in Sources */,
				E9E641BE2B8CAD5600CD5D33 /* CGFloat+Extensions.swift in Sources */,
				E99F49052B8550BA00D8C1D7 /* MinimalCountdownView.swift in Sources */,
				E9CCA68F2B88E03500F5AA7F /* Resources.swift in Sources */,
				E9CCA68B2B88DFED00F5AA7F /* NSFont+Extensions.swift in Sources */,
				E9E641C52B8CDD7800CD5D33 /* ConfigureViewController.swift in Sources */,
				E9CCA6932B88E0AA00F5AA7F /* SSaverTextView.swift in Sources */,
				E9CCA68D2B88E01600F5AA7F /* Date+Extensions.swift in Sources */,
				E9432EA42B948E1E00A5D823 /* NSTextView+Extensions.swift in Sources */,
				E9E2DDAF2B912216002A8C90 /* UserDefaults+Extensions.swift in Sources */,
				E9CCA6912B88E06C00F5AA7F /* ElementView.swift in Sources */,
			);
			runOnlyForDeploymentPostprocessing = 0;
		};
/* End PBXSourcesBuildPhase section */

/* Begin XCBuildConfiguration section */
		E9B531A22B854D60002A2B79 /* Debug */ = {
			isa = XCBuildConfiguration;
			buildSettings = {
				ALWAYS_SEARCH_USER_PATHS = NO;
				ASSETCATALOG_COMPILER_GENERATE_SWIFT_ASSET_SYMBOL_EXTENSIONS = YES;
				CLANG_ANALYZER_NONNULL = YES;
				CLANG_ANALYZER_NUMBER_OBJECT_CONVERSION = YES_AGGRESSIVE;
				CLANG_CXX_LANGUAGE_STANDARD = "gnu++20";
				CLANG_ENABLE_MODULES = YES;
				CLANG_ENABLE_OBJC_ARC = YES;
				CLANG_ENABLE_OBJC_WEAK = YES;
				CLANG_WARN_BLOCK_CAPTURE_AUTORELEASING = YES;
				CLANG_WARN_BOOL_CONVERSION = YES;
				CLANG_WARN_COMMA = YES;
				CLANG_WARN_CONSTANT_CONVERSION = YES;
				CLANG_WARN_DEPRECATED_OBJC_IMPLEMENTATIONS = YES;
				CLANG_WARN_DIRECT_OBJC_ISA_USAGE = YES_ERROR;
				CLANG_WARN_DOCUMENTATION_COMMENTS = YES;
				CLANG_WARN_EMPTY_BODY = YES;
				CLANG_WARN_ENUM_CONVERSION = YES;
				CLANG_WARN_INFINITE_RECURSION = YES;
				CLANG_WARN_INT_CONVERSION = YES;
				CLANG_WARN_NON_LITERAL_NULL_CONVERSION = YES;
				CLANG_WARN_OBJC_IMPLICIT_RETAIN_SELF = YES;
				CLANG_WARN_OBJC_LITERAL_CONVERSION = YES;
				CLANG_WARN_OBJC_ROOT_CLASS = YES_ERROR;
				CLANG_WARN_QUOTED_INCLUDE_IN_FRAMEWORK_HEADER = YES;
				CLANG_WARN_RANGE_LOOP_ANALYSIS = YES;
				CLANG_WARN_STRICT_PROTOTYPES = YES;
				CLANG_WARN_SUSPICIOUS_MOVE = YES;
				CLANG_WARN_UNGUARDED_AVAILABILITY = YES_AGGRESSIVE;
				CLANG_WARN_UNREACHABLE_CODE = YES;
				CLANG_WARN__DUPLICATE_METHOD_MATCH = YES;
				COPY_PHASE_STRIP = NO;
				DEBUG_INFORMATION_FORMAT = dwarf;
				ENABLE_STRICT_OBJC_MSGSEND = YES;
				ENABLE_TESTABILITY = YES;
				ENABLE_USER_SCRIPT_SANDBOXING = YES;
				GCC_C_LANGUAGE_STANDARD = gnu17;
				GCC_DYNAMIC_NO_PIC = NO;
				GCC_NO_COMMON_BLOCKS = YES;
				GCC_OPTIMIZATION_LEVEL = 0;
				GCC_PREPROCESSOR_DEFINITIONS = (
					"DEBUG=1",
					"$(inherited)",
				);
				GCC_WARN_64_TO_32_BIT_CONVERSION = YES;
				GCC_WARN_ABOUT_RETURN_TYPE = YES_ERROR;
				GCC_WARN_UNDECLARED_SELECTOR = YES;
				GCC_WARN_UNINITIALIZED_AUTOS = YES_AGGRESSIVE;
				GCC_WARN_UNUSED_FUNCTION = YES;
				GCC_WARN_UNUSED_VARIABLE = YES;
				LOCALIZATION_PREFERS_STRING_CATALOGS = YES;
				MACOSX_DEPLOYMENT_TARGET = 13.0;
				MTL_ENABLE_DEBUG_INFO = INCLUDE_SOURCE;
				MTL_FAST_MATH = YES;
				ONLY_ACTIVE_ARCH = YES;
				PRODUCT_NAME = "Minimal Countdown";
				SDKROOT = macosx;
			};
			name = Debug;
		};
		E9B531A32B854D60002A2B79 /* Release */ = {
			isa = XCBuildConfiguration;
			buildSettings = {
				ALWAYS_SEARCH_USER_PATHS = NO;
				ASSETCATALOG_COMPILER_GENERATE_SWIFT_ASSET_SYMBOL_EXTENSIONS = YES;
				CLANG_ANALYZER_NONNULL = YES;
				CLANG_ANALYZER_NUMBER_OBJECT_CONVERSION = YES_AGGRESSIVE;
				CLANG_CXX_LANGUAGE_STANDARD = "gnu++20";
				CLANG_ENABLE_MODULES = YES;
				CLANG_ENABLE_OBJC_ARC = YES;
				CLANG_ENABLE_OBJC_WEAK = YES;
				CLANG_WARN_BLOCK_CAPTURE_AUTORELEASING = YES;
				CLANG_WARN_BOOL_CONVERSION = YES;
				CLANG_WARN_COMMA = YES;
				CLANG_WARN_CONSTANT_CONVERSION = YES;
				CLANG_WARN_DEPRECATED_OBJC_IMPLEMENTATIONS = YES;
				CLANG_WARN_DIRECT_OBJC_ISA_USAGE = YES_ERROR;
				CLANG_WARN_DOCUMENTATION_COMMENTS = YES;
				CLANG_WARN_EMPTY_BODY = YES;
				CLANG_WARN_ENUM_CONVERSION = YES;
				CLANG_WARN_INFINITE_RECURSION = YES;
				CLANG_WARN_INT_CONVERSION = YES;
				CLANG_WARN_NON_LITERAL_NULL_CONVERSION = YES;
				CLANG_WARN_OBJC_IMPLICIT_RETAIN_SELF = YES;
				CLANG_WARN_OBJC_LITERAL_CONVERSION = YES;
				CLANG_WARN_OBJC_ROOT_CLASS = YES_ERROR;
				CLANG_WARN_QUOTED_INCLUDE_IN_FRAMEWORK_HEADER = YES;
				CLANG_WARN_RANGE_LOOP_ANALYSIS = YES;
				CLANG_WARN_STRICT_PROTOTYPES = YES;
				CLANG_WARN_SUSPICIOUS_MOVE = YES;
				CLANG_WARN_UNGUARDED_AVAILABILITY = YES_AGGRESSIVE;
				CLANG_WARN_UNREACHABLE_CODE = YES;
				CLANG_WARN__DUPLICATE_METHOD_MATCH = YES;
				COPY_PHASE_STRIP = NO;
				DEBUG_INFORMATION_FORMAT = "dwarf-with-dsym";
				ENABLE_NS_ASSERTIONS = NO;
				ENABLE_STRICT_OBJC_MSGSEND = YES;
				ENABLE_USER_SCRIPT_SANDBOXING = YES;
				GCC_C_LANGUAGE_STANDARD = gnu17;
				GCC_NO_COMMON_BLOCKS = YES;
				GCC_WARN_64_TO_32_BIT_CONVERSION = YES;
				GCC_WARN_ABOUT_RETURN_TYPE = YES_ERROR;
				GCC_WARN_UNDECLARED_SELECTOR = YES;
				GCC_WARN_UNINITIALIZED_AUTOS = YES_AGGRESSIVE;
				GCC_WARN_UNUSED_FUNCTION = YES;
				GCC_WARN_UNUSED_VARIABLE = YES;
				LOCALIZATION_PREFERS_STRING_CATALOGS = YES;
				MACOSX_DEPLOYMENT_TARGET = 13.0;
				MTL_ENABLE_DEBUG_INFO = NO;
				MTL_FAST_MATH = YES;
				PRODUCT_NAME = "Minimal Countdown";
				SDKROOT = macosx;
			};
			name = Release;
		};
		E9B531A52B854D60002A2B79 /* Debug */ = {
			isa = XCBuildConfiguration;
			buildSettings = {
				CLANG_ENABLE_MODULES = YES;
				"CODE_SIGN_IDENTITY[sdk=macosx*]" = "Apple Development";
				CODE_SIGN_STYLE = Automatic;
				COMBINE_HIDPI_IMAGES = YES;
				CURRENT_PROJECT_VERSION = 1;
				DEVELOPMENT_TEAM = 3LKWW87KA9;
				GENERATE_INFOPLIST_FILE = YES;
				INFOPLIST_FILE = MinimalCountdown/Info.plist;
				INFOPLIST_KEY_NSHumanReadableCopyright = "";
				INFOPLIST_KEY_NSPrincipalClass = MinimalCountdown.MinimalCountdownView;
				INSTALL_PATH = "$(HOME)/Library/Screen Savers";
				MARKETING_VERSION = 1.0;
				PRODUCT_BUNDLE_IDENTIFIER = com.skemenov.MinimalCountdown;
				PRODUCT_NAME = "$(TARGET_NAME)";
				SWIFT_EMIT_LOC_STRINGS = YES;
				SWIFT_OPTIMIZATION_LEVEL = "-Onone";
				SWIFT_VERSION = 5.0;
				WRAPPER_EXTENSION = saver;
			};
			name = Debug;
		};
		E9B531A62B854D60002A2B79 /* Release */ = {
			isa = XCBuildConfiguration;
			buildSettings = {
				CLANG_ENABLE_MODULES = YES;
				"CODE_SIGN_IDENTITY[sdk=macosx*]" = "Apple Development";
				CODE_SIGN_STYLE = Automatic;
				COMBINE_HIDPI_IMAGES = YES;
				CURRENT_PROJECT_VERSION = 1;
				DEVELOPMENT_TEAM = 3LKWW87KA9;
				GENERATE_INFOPLIST_FILE = YES;
				INFOPLIST_FILE = MinimalCountdown/Info.plist;
				INFOPLIST_KEY_NSHumanReadableCopyright = "";
				INFOPLIST_KEY_NSPrincipalClass = MinimalCountdown.MinimalCountdownView;
				INSTALL_PATH = "$(HOME)/Library/Screen Savers";
				MARKETING_VERSION = 1.0;
				PRODUCT_BUNDLE_IDENTIFIER = com.skemenov.MinimalCountdown;
				PRODUCT_NAME = "$(TARGET_NAME)";
				SWIFT_EMIT_LOC_STRINGS = YES;
				SWIFT_VERSION = 5.0;
				WRAPPER_EXTENSION = saver;
			};
			name = Release;
		};
/* End XCBuildConfiguration section */

/* Begin XCConfigurationList section */
		E9B531952B854D60002A2B79 /* Build configuration list for PBXProject "MinimalCountdown" */ = {
			isa = XCConfigurationList;
			buildConfigurations = (
				E9B531A22B854D60002A2B79 /* Debug */,
				E9B531A32B854D60002A2B79 /* Release */,
			);
			defaultConfigurationIsVisible = 0;
			defaultConfigurationName = Release;
		};
		E9B531A42B854D60002A2B79 /* Build configuration list for PBXNativeTarget "MinimalCountdown" */ = {
			isa = XCConfigurationList;
			buildConfigurations = (
				E9B531A52B854D60002A2B79 /* Debug */,
				E9B531A62B854D60002A2B79 /* Release */,
			);
			defaultConfigurationIsVisible = 0;
			defaultConfigurationName = Release;
		};
/* End XCConfigurationList section */
	};
	rootObject = E9B531922B854D60002A2B79 /* Project object */;
}
